
Microsoft Visual Studio Solution File, Format Version 12.00
# Visual Studio Version 17
VisualStudioVersion = 17.9.34723.18
MinimumVisualStudioVersion = 10.0.40219.1
Project("{FAE04EC0-301F-11D3-BF4B-00C04F79EFBC}") = "ms.Backend", "ms.Backend\ms.Backend.csproj", "{AE104039-9ED3-4EFC-9BE2-387CC343B3FD}"
EndProject
Global
	GlobalSection(SolutionConfigurationPlatforms) = preSolution
		Debug|Any CPU = Debug|Any CPU
		Release|Any CPU = Release|Any CPU
	EndGlobalSection
	GlobalSection(ProjectConfigurationPlatforms) = postSolution
		{AE104039-9ED3-4EFC-9BE2-387CC343B3FD}.Debug|Any CPU.ActiveCfg = Debug|Any CPU
		{AE104039-9ED3-4EFC-9BE2-387CC343B3FD}.Debug|Any CPU.Build.0 = Debug|Any CPU
		{AE104039-9ED3-4EFC-9BE2-387CC343B3FD}.Release|Any CPU.ActiveCfg = Release|Any CPU
		{AE104039-9ED3-4EFC-9BE2-387CC343B3FD}.Release|Any CPU.Build.0 = Release|Any CPU
	EndGlobalSection
	GlobalSection(SolutionProperties) = preSolution
		HideSolutionNode = FALSE
	EndGlobalSection
	GlobalSection(ExtensibilityGlobals) = postSolution
		SolutionGuid = {746813B3-9E5C-45A3-A02A-C830308B61D5}
	EndGlobalSection
EndGlobal
